
Microsoft Visual Studio Solution File, Format Version 12.00
# Visual Studio Version 17
VisualStudioVersion = 17.1.32328.378
MinimumVisualStudioVersion = 10.0.40219.1
Project("{FAE04EC0-301F-11D3-BF4B-00C04F79EFBC}") = "MagazineImport", "MagazineImport\MagazineImport.csproj", "{D2463E76-AA28-417C-9B71-CAB4C2C7C7ED}"
EndProject
Project("{FAE04EC0-301F-11D3-BF4B-00C04F79EFBC}") = "BlobTrigger", "BlobTrigger\BlobTrigger.csproj", "{0DF9B928-7EA9-48AF-A5E6-EAC776068F6E}"
EndProject
Project("{FAE04EC0-301F-11D3-BF4B-00C04F79EFBC}") = "AzureBlobClient", "AzureBlobClient\AzureBlobClient.csproj", "{E64C65B3-1009-4F59-AE00-3C3DE1E8F77E}"
EndProject
Global
	GlobalSection(SolutionConfigurationPlatforms) = preSolution
		Debug|Any CPU = Debug|Any CPU
		Release|Any CPU = Release|Any CPU
	EndGlobalSection
	GlobalSection(ProjectConfigurationPlatforms) = postSolution
		{D2463E76-AA28-417C-9B71-CAB4C2C7C7ED}.Debug|Any CPU.ActiveCfg = Debug|Any CPU
		{D2463E76-AA28-417C-9B71-CAB4C2C7C7ED}.Debug|Any CPU.Build.0 = Debug|Any CPU
		{D2463E76-AA28-417C-9B71-CAB4C2C7C7ED}.Release|Any CPU.ActiveCfg = Release|Any CPU
		{D2463E76-AA28-417C-9B71-CAB4C2C7C7ED}.Release|Any CPU.Build.0 = Release|Any CPU
		{0DF9B928-7EA9-48AF-A5E6-EAC776068F6E}.Debug|Any CPU.ActiveCfg = Debug|Any CPU
		{0DF9B928-7EA9-48AF-A5E6-EAC776068F6E}.Debug|Any CPU.Build.0 = Debug|Any CPU
		{0DF9B928-7EA9-48AF-A5E6-EAC776068F6E}.Release|Any CPU.ActiveCfg = Release|Any CPU
		{0DF9B928-7EA9-48AF-A5E6-EAC776068F6E}.Release|Any CPU.Build.0 = Release|Any CPU
		{E64C65B3-1009-4F59-AE00-3C3DE1E8F77E}.Debug|Any CPU.ActiveCfg = Debug|Any CPU
		{E64C65B3-1009-4F59-AE00-3C3DE1E8F77E}.Debug|Any CPU.Build.0 = Debug|Any CPU
		{E64C65B3-1009-4F59-AE00-3C3DE1E8F77E}.Release|Any CPU.ActiveCfg = Release|Any CPU
		{E64C65B3-1009-4F59-AE00-3C3DE1E8F77E}.Release|Any CPU.Build.0 = Release|Any CPU
	EndGlobalSection
	GlobalSection(SolutionProperties) = preSolution
		HideSolutionNode = FALSE
	EndGlobalSection
	GlobalSection(ExtensibilityGlobals) = postSolution
		SolutionGuid = {3559F182-BE46-4FD9-821E-9C6B821693A7}
	EndGlobalSection
EndGlobal
