
Microsoft Visual Studio Solution File, Format Version 12.00
# Visual Studio 2012
Project("{FAE04EC0-301F-11D3-BF4B-00C04F79EFBC}") = "MagazineImport", "MagazineImport\MagazineImport.csproj", "{D2463E76-AA28-417C-9B71-CAB4C2C7C7ED}"
EndProject
Global
	GlobalSection(SolutionConfigurationPlatforms) = preSolution
		Debug|Any CPU = Debug|Any CPU
		Release|Any CPU = Release|Any CPU
	EndGlobalSection
	GlobalSection(ProjectConfigurationPlatforms) = postSolution
		{D2463E76-AA28-417C-9B71-CAB4C2C7C7ED}.Debug|Any CPU.ActiveCfg = Debug|Any CPU
		{D2463E76-AA28-417C-9B71-CAB4C2C7C7ED}.Debug|Any CPU.Build.0 = Debug|Any CPU
		{D2463E76-AA28-417C-9B71-CAB4C2C7C7ED}.Release|Any CPU.ActiveCfg = Release|Any CPU
		{D2463E76-AA28-417C-9B71-CAB4C2C7C7ED}.Release|Any CPU.Build.0 = Release|Any CPU
	EndGlobalSection
	GlobalSection(SolutionProperties) = preSolution
		HideSolutionNode = FALSE
	EndGlobalSection
EndGlobal
